
Microsoft Visual Studio Solution File, Format Version 12.00
# Visual Studio Version 17
VisualStudioVersion = 17.0.31903.59
MinimumVisualStudioVersion = 10.0.40219.1
Project("{9A19103F-16F7-4668-BE54-9A1E7A4F7556}") = "TypeAuth.Core", "TypeAuth.Core\TypeAuth.Core.csproj", "{54CFA4B8-E748-4AF7-8066-A6D19F21FE72}"
EndProject
Project("{9A19103F-16F7-4668-BE54-9A1E7A4F7556}") = "TypeAuthTests", "TypeAuth.Core.Tests\TypeAuthTests.csproj", "{3842FD5D-B148-4CEA-AC4B-647D762923D3}"
EndProject
Project("{FAE04EC0-301F-11D3-BF4B-00C04F79EFBC}") = "TypeAuth.AspNetCore", "TypeAuth.AspNetCore\TypeAuth.AspNetCore.csproj", "{E92B7249-CD5F-4336-B306-F8EEFA44C5DA}"
EndProject
Project("{FAE04EC0-301F-11D3-BF4B-00C04F79EFBC}") = "TypeAuth.AspNetCore.Sample.Server", "TypeAuth.AspNetCore.Sample\Server\TypeAuth.AspNetCore.Sample.Server.csproj", "{E157DA93-8EDD-40F9-8148-8F97D1AE4F0D}"
EndProject
Project("{FAE04EC0-301F-11D3-BF4B-00C04F79EFBC}") = "TypeAuth.AspNetCore.Sample.Client", "TypeAuth.AspNetCore.Sample\Client\TypeAuth.AspNetCore.Sample.Client.csproj", "{349E902B-852D-4236-94B5-11227ABE12FE}"
EndProject
Project("{FAE04EC0-301F-11D3-BF4B-00C04F79EFBC}") = "TypeAuth.AspNetCore.Sample.Shared", "TypeAuth.AspNetCore.Sample\Shared\TypeAuth.AspNetCore.Sample.Shared.csproj", "{CCB6B813-0EF7-4FDF-AA54-644ABAF2933A}"
EndProject
Global
	GlobalSection(SolutionConfigurationPlatforms) = preSolution
		Debug|Any CPU = Debug|Any CPU
		Release|Any CPU = Release|Any CPU
	EndGlobalSection
	GlobalSection(ProjectConfigurationPlatforms) = postSolution
		{54CFA4B8-E748-4AF7-8066-A6D19F21FE72}.Debug|Any CPU.ActiveCfg = Debug|Any CPU
		{54CFA4B8-E748-4AF7-8066-A6D19F21FE72}.Debug|Any CPU.Build.0 = Debug|Any CPU
		{54CFA4B8-E748-4AF7-8066-A6D19F21FE72}.Release|Any CPU.ActiveCfg = Release|Any CPU
		{54CFA4B8-E748-4AF7-8066-A6D19F21FE72}.Release|Any CPU.Build.0 = Release|Any CPU
		{3842FD5D-B148-4CEA-AC4B-647D762923D3}.Debug|Any CPU.ActiveCfg = Debug|Any CPU
		{3842FD5D-B148-4CEA-AC4B-647D762923D3}.Debug|Any CPU.Build.0 = Debug|Any CPU
		{3842FD5D-B148-4CEA-AC4B-647D762923D3}.Release|Any CPU.ActiveCfg = Release|Any CPU
		{3842FD5D-B148-4CEA-AC4B-647D762923D3}.Release|Any CPU.Build.0 = Release|Any CPU
		{E92B7249-CD5F-4336-B306-F8EEFA44C5DA}.Debug|Any CPU.ActiveCfg = Debug|Any CPU
		{E92B7249-CD5F-4336-B306-F8EEFA44C5DA}.Debug|Any CPU.Build.0 = Debug|Any CPU
		{E92B7249-CD5F-4336-B306-F8EEFA44C5DA}.Release|Any CPU.ActiveCfg = Release|Any CPU
		{E92B7249-CD5F-4336-B306-F8EEFA44C5DA}.Release|Any CPU.Build.0 = Release|Any CPU
		{E157DA93-8EDD-40F9-8148-8F97D1AE4F0D}.Debug|Any CPU.ActiveCfg = Debug|Any CPU
		{E157DA93-8EDD-40F9-8148-8F97D1AE4F0D}.Debug|Any CPU.Build.0 = Debug|Any CPU
		{E157DA93-8EDD-40F9-8148-8F97D1AE4F0D}.Release|Any CPU.ActiveCfg = Release|Any CPU
		{E157DA93-8EDD-40F9-8148-8F97D1AE4F0D}.Release|Any CPU.Build.0 = Release|Any CPU
		{349E902B-852D-4236-94B5-11227ABE12FE}.Debug|Any CPU.ActiveCfg = Debug|Any CPU
		{349E902B-852D-4236-94B5-11227ABE12FE}.Debug|Any CPU.Build.0 = Debug|Any CPU
		{349E902B-852D-4236-94B5-11227ABE12FE}.Release|Any CPU.ActiveCfg = Release|Any CPU
		{349E902B-852D-4236-94B5-11227ABE12FE}.Release|Any CPU.Build.0 = Release|Any CPU
		{CCB6B813-0EF7-4FDF-AA54-644ABAF2933A}.Debug|Any CPU.ActiveCfg = Debug|Any CPU
		{CCB6B813-0EF7-4FDF-AA54-644ABAF2933A}.Debug|Any CPU.Build.0 = Debug|Any CPU
		{CCB6B813-0EF7-4FDF-AA54-644ABAF2933A}.Release|Any CPU.ActiveCfg = Release|Any CPU
		{CCB6B813-0EF7-4FDF-AA54-644ABAF2933A}.Release|Any CPU.Build.0 = Release|Any CPU
	EndGlobalSection
	GlobalSection(SolutionProperties) = preSolution
		HideSolutionNode = FALSE
	EndGlobalSection
	GlobalSection(ExtensibilityGlobals) = postSolution
		SolutionGuid = {6F4ADA73-D0B4-4B5F-93A8-2BABEF335066}
	EndGlobalSection
EndGlobal
