
Microsoft Visual Studio Solution File, Format Version 12.00
# Visual Studio Version 17
VisualStudioVersion = 17.0.31903.59
MinimumVisualStudioVersion = 10.0.40219.1
Project("{9A19103F-16F7-4668-BE54-9A1E7A4F7556}") = "TypeAuth.Core", "TypeAuth.Core\TypeAuth.Core.csproj", "{54CFA4B8-E748-4AF7-8066-A6D19F21FE72}"
EndProject
Project("{9A19103F-16F7-4668-BE54-9A1E7A4F7556}") = "TypeAuthTests", "TypeAuth.Core.Tests\TypeAuthTests.csproj", "{3842FD5D-B148-4CEA-AC4B-647D762923D3}"
EndProject
Project("{9A19103F-16F7-4668-BE54-9A1E7A4F7556}") = "TypeAuth.AspNetCore", "TypeAuth.AspNetCore\TypeAuth.AspNetCore.csproj", "{E92B7249-CD5F-4336-B306-F8EEFA44C5DA}"
EndProject
Project("{E24C65DC-7377-472B-9ABA-BC803B73C61A}") = "Docs", "Docs\", "{29B21FB3-0E29-4E83-A74A-06B7AE3096ED}"
	ProjectSection(WebsiteProperties) = preProject
		TargetFrameworkMoniker = ".NETFramework,Version%3Dv4.8"
		Debug.AspNetCompiler.VirtualPath = "/localhost_49517"
		Debug.AspNetCompiler.PhysicalPath = "Docs\"
		Debug.AspNetCompiler.TargetPath = "PrecompiledWeb\localhost_49517\"
		Debug.AspNetCompiler.Updateable = "true"
		Debug.AspNetCompiler.ForceOverwrite = "true"
		Debug.AspNetCompiler.FixedNames = "false"
		Debug.AspNetCompiler.Debug = "True"
		Release.AspNetCompiler.VirtualPath = "/localhost_49517"
		Release.AspNetCompiler.PhysicalPath = "Docs\"
		Release.AspNetCompiler.TargetPath = "PrecompiledWeb\localhost_49517\"
		Release.AspNetCompiler.Updateable = "true"
		Release.AspNetCompiler.ForceOverwrite = "true"
		Release.AspNetCompiler.FixedNames = "false"
		Release.AspNetCompiler.Debug = "False"
		VWDPort = "49517"
		SlnRelativePath = "Docs\"
	EndProjectSection
EndProject
Global
	GlobalSection(SolutionConfigurationPlatforms) = preSolution
		Debug|Any CPU = Debug|Any CPU
		Release|Any CPU = Release|Any CPU
	EndGlobalSection
	GlobalSection(ProjectConfigurationPlatforms) = postSolution
		{54CFA4B8-E748-4AF7-8066-A6D19F21FE72}.Debug|Any CPU.ActiveCfg = Debug|Any CPU
		{54CFA4B8-E748-4AF7-8066-A6D19F21FE72}.Debug|Any CPU.Build.0 = Debug|Any CPU
		{54CFA4B8-E748-4AF7-8066-A6D19F21FE72}.Release|Any CPU.ActiveCfg = Release|Any CPU
		{54CFA4B8-E748-4AF7-8066-A6D19F21FE72}.Release|Any CPU.Build.0 = Release|Any CPU
		{3842FD5D-B148-4CEA-AC4B-647D762923D3}.Debug|Any CPU.ActiveCfg = Debug|Any CPU
		{3842FD5D-B148-4CEA-AC4B-647D762923D3}.Debug|Any CPU.Build.0 = Debug|Any CPU
		{3842FD5D-B148-4CEA-AC4B-647D762923D3}.Release|Any CPU.ActiveCfg = Release|Any CPU
		{3842FD5D-B148-4CEA-AC4B-647D762923D3}.Release|Any CPU.Build.0 = Release|Any CPU
		{E92B7249-CD5F-4336-B306-F8EEFA44C5DA}.Debug|Any CPU.ActiveCfg = Debug|Any CPU
		{E92B7249-CD5F-4336-B306-F8EEFA44C5DA}.Debug|Any CPU.Build.0 = Debug|Any CPU
		{E92B7249-CD5F-4336-B306-F8EEFA44C5DA}.Release|Any CPU.ActiveCfg = Release|Any CPU
		{E92B7249-CD5F-4336-B306-F8EEFA44C5DA}.Release|Any CPU.Build.0 = Release|Any CPU
		{29B21FB3-0E29-4E83-A74A-06B7AE3096ED}.Debug|Any CPU.ActiveCfg = Debug|Any CPU
		{29B21FB3-0E29-4E83-A74A-06B7AE3096ED}.Debug|Any CPU.Build.0 = Debug|Any CPU
		{29B21FB3-0E29-4E83-A74A-06B7AE3096ED}.Release|Any CPU.ActiveCfg = Debug|Any CPU
		{29B21FB3-0E29-4E83-A74A-06B7AE3096ED}.Release|Any CPU.Build.0 = Debug|Any CPU
	EndGlobalSection
	GlobalSection(SolutionProperties) = preSolution
		HideSolutionNode = FALSE
	EndGlobalSection
	GlobalSection(ExtensibilityGlobals) = postSolution
		SolutionGuid = {6F4ADA73-D0B4-4B5F-93A8-2BABEF335066}
	EndGlobalSection
EndGlobal
